// !$*UTF8*$!
{
	archiveVersion = 1;
	classes = {
	};
	objectVersion = 46;
	objects = {

/* Begin PBXBuildFile section */
		0CE1B94F1C3C6ABB00403A3D /* AppDelegate.swift in Sources */ = {isa = PBXBuildFile; fileRef = 0CE1B94E1C3C6ABB00403A3D /* AppDelegate.swift */; };
		0CE1B9541C3C6ABB00403A3D /* Main.storyboard in Resources */ = {isa = PBXBuildFile; fileRef = 0CE1B9521C3C6ABB00403A3D /* Main.storyboard */; };
		0CE1B9561C3C6ABB00403A3D /* Assets.xcassets in Resources */ = {isa = PBXBuildFile; fileRef = 0CE1B9551C3C6ABB00403A3D /* Assets.xcassets */; };
		0CE1B9591C3C6ABB00403A3D /* LaunchScreen.storyboard in Resources */ = {isa = PBXBuildFile; fileRef = 0CE1B9571C3C6ABB00403A3D /* LaunchScreen.storyboard */; };
		0CE1B9611C3C6B6C00403A3D /* PunchViewController.swift in Sources */ = {isa = PBXBuildFile; fileRef = 0CE1B9601C3C6B6C00403A3D /* PunchViewController.swift */; };
/* End PBXBuildFile section */

/* Begin PBXFileReference section */
		0CE1B94B1C3C6ABB00403A3D /* Punch.app */ = {isa = PBXFileReference; explicitFileType = wrapper.application; includeInIndex = 0; path = Punch.app; sourceTree = BUILT_PRODUCTS_DIR; };
		0CE1B94E1C3C6ABB00403A3D /* AppDelegate.swift */ = {isa = PBXFileReference; lastKnownFileType = sourcecode.swift; path = AppDelegate.swift; sourceTree = "<group>"; };
		0CE1B9531C3C6ABB00403A3D /* Base */ = {isa = PBXFileReference; lastKnownFileType = file.storyboard; name = Base; path = Base.lproj/Main.storyboard; sourceTree = "<group>"; };
		0CE1B9551C3C6ABB00403A3D /* Assets.xcassets */ = {isa = PBXFileReference; lastKnownFileType = folder.assetcatalog; path = Assets.xcassets; sourceTree = "<group>"; };
		0CE1B9581C3C6ABB00403A3D /* Base */ = {isa = PBXFileReference; lastKnownFileType = file.storyboard; name = Base; path = Base.lproj/LaunchScreen.storyboard; sourceTree = "<group>"; };
		0CE1B95A1C3C6ABB00403A3D /* Info.plist */ = {isa = PBXFileReference; lastKnownFileType = text.plist.xml; path = Info.plist; sourceTree = "<group>"; };
		0CE1B9601C3C6B6C00403A3D /* PunchViewController.swift */ = {isa = PBXFileReference; fileEncoding = 4; lastKnownFileType = sourcecode.swift; path = PunchViewController.swift; sourceTree = "<group>"; };
/* End PBXFileReference section */

/* Begin PBXFrameworksBuildPhase section */
		0CE1B9481C3C6ABB00403A3D /* Frameworks */ = {
			isa = PBXFrameworksBuildPhase;
			buildActionMask = 2147483647;
			files = (
			);
			runOnlyForDeploymentPostprocessing = 0;
		};
/* End PBXFrameworksBuildPhase section */

/* Begin PBXGroup section */
		0CE1B9421C3C6ABB00403A3D = {
			isa = PBXGroup;
			children = (
				0CE1B94D1C3C6ABB00403A3D /* Punch */,
				0CE1B94C1C3C6ABB00403A3D /* Products */,
			);
			sourceTree = "<group>";
		};
		0CE1B94C1C3C6ABB00403A3D /* Products */ = {
			isa = PBXGroup;
			children = (
				0CE1B94B1C3C6ABB00403A3D /* Punch.app */,
			);
			name = Products;
			sourceTree = "<group>";
		};
		0CE1B94D1C3C6ABB00403A3D /* Punch */ = {
			isa = PBXGroup;
			children = (
				0CE1B94E1C3C6ABB00403A3D /* AppDelegate.swift */,
				0CE1B9601C3C6B6C00403A3D /* PunchViewController.swift */,
				0CE1B9521C3C6ABB00403A3D /* Main.storyboard */,
				0CE1B9551C3C6ABB00403A3D /* Assets.xcassets */,
				0CE1B9571C3C6ABB00403A3D /* LaunchScreen.storyboard */,
				0CE1B95A1C3C6ABB00403A3D /* Info.plist */,
			);
			path = Punch;
			sourceTree = "<group>";
		};
/* End PBXGroup section */

/* Begin PBXNativeTarget section */
		0CE1B94A1C3C6ABB00403A3D /* Punch */ = {
			isa = PBXNativeTarget;
			buildConfigurationList = 0CE1B95D1C3C6ABB00403A3D /* Build configuration list for PBXNativeTarget "Punch" */;
			buildPhases = (
				0CE1B9471C3C6ABB00403A3D /* Sources */,
				0CE1B9481C3C6ABB00403A3D /* Frameworks */,
				0CE1B9491C3C6ABB00403A3D /* Resources */,
			);
			buildRules = (
			);
			dependencies = (
			);
			name = Punch;
			productName = Punch;
			productReference = 0CE1B94B1C3C6ABB00403A3D /* Punch.app */;
			productType = "com.apple.product-type.application";
		};
/* End PBXNativeTarget section */

/* Begin PBXProject section */
		0CE1B9431C3C6ABB00403A3D /* Project object */ = {
			isa = PBXProject;
			attributes = {
				LastSwiftUpdateCheck = 0720;
				LastUpgradeCheck = 0720;
				ORGANIZATIONNAME = "Intrepid Pursuits";
				TargetAttributes = {
					0CE1B94A1C3C6ABB00403A3D = {
						CreatedOnToolsVersion = 7.2;
					};
				};
			};
			buildConfigurationList = 0CE1B9461C3C6ABB00403A3D /* Build configuration list for PBXProject "Punch" */;
			compatibilityVersion = "Xcode 3.2";
			developmentRegion = English;
			hasScannedForEncodings = 0;
			knownRegions = (
				en,
				Base,
			);
			mainGroup = 0CE1B9421C3C6ABB00403A3D;
			productRefGroup = 0CE1B94C1C3C6ABB00403A3D /* Products */;
			projectDirPath = "";
			projectRoot = "";
			targets = (
				0CE1B94A1C3C6ABB00403A3D /* Punch */,
			);
		};
/* End PBXProject section */

/* Begin PBXResourcesBuildPhase section */
		0CE1B9491C3C6ABB00403A3D /* Resources */ = {
			isa = PBXResourcesBuildPhase;
			buildActionMask = 2147483647;
			files = (
				0CE1B9591C3C6ABB00403A3D /* LaunchScreen.storyboard in Resources */,
				0CE1B9561C3C6ABB00403A3D /* Assets.xcassets in Resources */,
				0CE1B9541C3C6ABB00403A3D /* Main.storyboard in Resources */,
			);
			runOnlyForDeploymentPostprocessing = 0;
		};
/* End PBXResourcesBuildPhase section */

/* Begin PBXSourcesBuildPhase section */
		0CE1B9471C3C6ABB00403A3D /* Sources */ = {
			isa = PBXSourcesBuildPhase;
			buildActionMask = 2147483647;
			files = (
				0CE1B9611C3C6B6C00403A3D /* PunchViewController.swift in Sources */,
				0CE1B94F1C3C6ABB00403A3D /* AppDelegate.swift in Sources */,
			);
			runOnlyForDeploymentPostprocessing = 0;
		};
/* End PBXSourcesBuildPhase section */

/* Begin PBXVariantGroup section */
		0CE1B9521C3C6ABB00403A3D /* Main.storyboard */ = {
			isa = PBXVariantGroup;
			children = (
				0CE1B9531C3C6ABB00403A3D /* Base */,
			);
			name = Main.storyboard;
			sourceTree = "<group>";
		};
		0CE1B9571C3C6ABB00403A3D /* LaunchScreen.storyboard */ = {
			isa = PBXVariantGroup;
			children = (
				0CE1B9581C3C6ABB00403A3D /* Base */,
			);
			name = LaunchScreen.storyboard;
			sourceTree = "<group>";
		};
/* End PBXVariantGroup section */

/* Begin XCBuildConfiguration section */
		0CE1B95B1C3C6ABB00403A3D /* Debug */ = {
			isa = XCBuildConfiguration;
			buildSettings = {
				ALWAYS_SEARCH_USER_PATHS = NO;
				CLANG_CXX_LANGUAGE_STANDARD = "gnu++0x";
				CLANG_CXX_LIBRARY = "libc++";
				CLANG_ENABLE_MODULES = YES;
				CLANG_ENABLE_OBJC_ARC = YES;
				CLANG_WARN_BOOL_CONVERSION = YES;
				CLANG_WARN_CONSTANT_CONVERSION = YES;
				CLANG_WARN_DIRECT_OBJC_ISA_USAGE = YES_ERROR;
				CLANG_WARN_EMPTY_BODY = YES;
				CLANG_WARN_ENUM_CONVERSION = YES;
				CLANG_WARN_INT_CONVERSION = YES;
				CLANG_WARN_OBJC_ROOT_CLASS = YES_ERROR;
				CLANG_WARN_UNREACHABLE_CODE = YES;
				CLANG_WARN__DUPLICATE_METHOD_MATCH = YES;
				"CODE_SIGN_IDENTITY[sdk=iphoneos*]" = "iPhone Developer";
				COPY_PHASE_STRIP = NO;
				DEBUG_INFORMATION_FORMAT = dwarf;
				ENABLE_STRICT_OBJC_MSGSEND = YES;
				ENABLE_TESTABILITY = YES;
				GCC_C_LANGUAGE_STANDARD = gnu99;
				GCC_DYNAMIC_NO_PIC = NO;
				GCC_NO_COMMON_BLOCKS = YES;
				GCC_OPTIMIZATION_LEVEL = 0;
				GCC_PREPROCESSOR_DEFINITIONS = (
					"DEBUG=1",
					"$(inherited)",
				);
				GCC_WARN_64_TO_32_BIT_CONVERSION = YES;
				GCC_WARN_ABOUT_RETURN_TYPE = YES_ERROR;
				GCC_WARN_UNDECLARED_SELECTOR = YES;
				GCC_WARN_UNINITIALIZED_AUTOS = YES_AGGRESSIVE;
				GCC_WARN_UNUSED_FUNCTION = YES;
				GCC_WARN_UNUSED_VARIABLE = YES;
				IPHONEOS_DEPLOYMENT_TARGET = 9.2;
				MTL_ENABLE_DEBUG_INFO = YES;
				ONLY_ACTIVE_ARCH = YES;
				SDKROOT = iphoneos;
				SWIFT_OPTIMIZATION_LEVEL = "-Onone";
				TARGETED_DEVICE_FAMILY = "1,2";
			};
			name = Debug;
		};
		0CE1B95C1C3C6ABB00403A3D /* Release */ = {
			isa = XCBuildConfiguration;
			buildSettings = {
				ALWAYS_SEARCH_USER_PATHS = NO;
				CLANG_CXX_LANGUAGE_STANDARD = "gnu++0x";
				CLANG_CXX_LIBRARY = "libc++";
				CLANG_ENABLE_MODULES = YES;
				CLANG_ENABLE_OBJC_ARC = YES;
				CLANG_WARN_BOOL_CONVERSION = YES;
				CLANG_WARN_CONSTANT_CONVERSION = YES;
				CLANG_WARN_DIRECT_OBJC_ISA_USAGE = YES_ERROR;
				CLANG_WARN_EMPTY_BODY = YES;
				CLANG_WARN_ENUM_CONVERSION = YES;
				CLANG_WARN_INT_CONVERSION = YES;
				CLANG_WARN_OBJC_ROOT_CLASS = YES_ERROR;
				CLANG_WARN_UNREACHABLE_CODE = YES;
				CLANG_WARN__DUPLICATE_METHOD_MATCH = YES;
				"CODE_SIGN_IDENTITY[sdk=iphoneos*]" = "iPhone Developer";
				COPY_PHASE_STRIP = NO;
				DEBUG_INFORMATION_FORMAT = "dwarf-with-dsym";
				ENABLE_NS_ASSERTIONS = NO;
				ENABLE_STRICT_OBJC_MSGSEND = YES;
				GCC_C_LANGUAGE_STANDARD = gnu99;
				GCC_NO_COMMON_BLOCKS = YES;
				GCC_WARN_64_TO_32_BIT_CONVERSION = YES;
				GCC_WARN_ABOUT_RETURN_TYPE = YES_ERROR;
				GCC_WARN_UNDECLARED_SELECTOR = YES;
				GCC_WARN_UNINITIALIZED_AUTOS = YES_AGGRESSIVE;
				GCC_WARN_UNUSED_FUNCTION = YES;
				GCC_WARN_UNUSED_VARIABLE = YES;
				IPHONEOS_DEPLOYMENT_TARGET = 9.2;
				MTL_ENABLE_DEBUG_INFO = NO;
				SDKROOT = iphoneos;
				TARGETED_DEVICE_FAMILY = "1,2";
				VALIDATE_PRODUCT = YES;
			};
			name = Release;
		};
		0CE1B95E1C3C6ABB00403A3D /* Debug */ = {
			isa = XCBuildConfiguration;
			buildSettings = {
				ASSETCATALOG_COMPILER_APPICON_NAME = AppIcon;
				INFOPLIST_FILE = Punch/Info.plist;
				LD_RUNPATH_SEARCH_PATHS = "$(inherited) @executable_path/Frameworks";
				PRODUCT_BUNDLE_IDENTIFIER = intrepid.wingchi.Punch;
				PRODUCT_NAME = "$(TARGET_NAME)";
			};
			name = Debug;
		};
		0CE1B95F1C3C6ABB00403A3D /* Release */ = {
			isa = XCBuildConfiguration;
			buildSettings = {
				ASSETCATALOG_COMPILER_APPICON_NAME = AppIcon;
				INFOPLIST_FILE = Punch/Info.plist;
				LD_RUNPATH_SEARCH_PATHS = "$(inherited) @executable_path/Frameworks";
				PRODUCT_BUNDLE_IDENTIFIER = intrepid.wingchi.Punch;
				PRODUCT_NAME = "$(TARGET_NAME)";
			};
			name = Release;
		};
/* End XCBuildConfiguration section */

/* Begin XCConfigurationList section */
		0CE1B9461C3C6ABB00403A3D /* Build configuration list for PBXProject "Punch" */ = {
			isa = XCConfigurationList;
			buildConfigurations = (
				0CE1B95B1C3C6ABB00403A3D /* Debug */,
				0CE1B95C1C3C6ABB00403A3D /* Release */,
			);
			defaultConfigurationIsVisible = 0;
			defaultConfigurationName = Release;
		};
		0CE1B95D1C3C6ABB00403A3D /* Build configuration list for PBXNativeTarget "Punch" */ = {
			isa = XCConfigurationList;
			buildConfigurations = (
				0CE1B95E1C3C6ABB00403A3D /* Debug */,
				0CE1B95F1C3C6ABB00403A3D /* Release */,
			);
			defaultConfigurationIsVisible = 0;
		};
/* End XCConfigurationList section */
	};
	rootObject = 0CE1B9431C3C6ABB00403A3D /* Project object */;
}
